
Microsoft Visual Studio Solution File, Format Version 12.00
# Visual Studio Version 17
VisualStudioVersion = 17.4.33403.182
MinimumVisualStudioVersion = 10.0.40219.1
Project("{FAE04EC0-301F-11D3-BF4B-00C04F79EFBC}") = "ProductDetailProject", "ProductDetailProject\ProductDetailProject.csproj", "{642E529F-2028-4FD0-AB4B-029AA0DC999B}"
EndProject
Global
	GlobalSection(SolutionConfigurationPlatforms) = preSolution
		Debug|Any CPU = Debug|Any CPU
		Release|Any CPU = Release|Any CPU
	EndGlobalSection
	GlobalSection(ProjectConfigurationPlatforms) = postSolution
		{642E529F-2028-4FD0-AB4B-029AA0DC999B}.Debug|Any CPU.ActiveCfg = Debug|Any CPU
		{642E529F-2028-4FD0-AB4B-029AA0DC999B}.Debug|Any CPU.Build.0 = Debug|Any CPU
		{642E529F-2028-4FD0-AB4B-029AA0DC999B}.Release|Any CPU.ActiveCfg = Release|Any CPU
		{642E529F-2028-4FD0-AB4B-029AA0DC999B}.Release|Any CPU.Build.0 = Release|Any CPU
	EndGlobalSection
	GlobalSection(SolutionProperties) = preSolution
		HideSolutionNode = FALSE
	EndGlobalSection
	GlobalSection(ExtensibilityGlobals) = postSolution
		SolutionGuid = {6353F1FB-3829-4636-A1E8-3DDE3178E26E}
	EndGlobalSection
EndGlobal
